
Microsoft Visual Studio Solution File, Format Version 12.00
# Visual Studio Version 17
VisualStudioVersion = 17.6.33723.286
MinimumVisualStudioVersion = 10.0.40219.1
Project("{FAE04EC0-301F-11D3-BF4B-00C04F79EFBC}") = "LoanApplication", "LoanApplication\LoanApplication.csproj", "{75875ED1-B29D-4C43-8749-D512075FB426}"
EndProject
Global
	GlobalSection(SolutionConfigurationPlatforms) = preSolution
		Debug|Any CPU = Debug|Any CPU
		Release|Any CPU = Release|Any CPU
	EndGlobalSection
	GlobalSection(ProjectConfigurationPlatforms) = postSolution
		{75875ED1-B29D-4C43-8749-D512075FB426}.Debug|Any CPU.ActiveCfg = Debug|Any CPU
		{75875ED1-B29D-4C43-8749-D512075FB426}.Debug|Any CPU.Build.0 = Debug|Any CPU
		{75875ED1-B29D-4C43-8749-D512075FB426}.Release|Any CPU.ActiveCfg = Release|Any CPU
		{75875ED1-B29D-4C43-8749-D512075FB426}.Release|Any CPU.Build.0 = Release|Any CPU
	EndGlobalSection
	GlobalSection(SolutionProperties) = preSolution
		HideSolutionNode = FALSE
	EndGlobalSection
	GlobalSection(ExtensibilityGlobals) = postSolution
		SolutionGuid = {49E59AF1-C7C3-4E3B-BFE5-F6E26F7F0329}
	EndGlobalSection
EndGlobal
