
Microsoft Visual Studio Solution File, Format Version 12.00
# Visual Studio Version 17
VisualStudioVersion = 17.6.33723.286
MinimumVisualStudioVersion = 10.0.40219.1
Project("{FAE04EC0-301F-11D3-BF4B-00C04F79EFBC}") = "EasyLoanAPI", "EasyLoanAPI\EasyLoanAPI.csproj", "{1CA6961C-9496-4771-AD5F-32525451B296}"
EndProject
Project("{2150E333-8FDC-42A3-9474-1A3956D46DE8}") = "Solution Items", "Solution Items", "{FFC9DFAF-9CD0-40CB-8488-726DF394714B}"
	ProjectSection(SolutionItems) = preProject
		.editorconfig = .editorconfig
	EndProjectSection
EndProject
Global
	GlobalSection(SolutionConfigurationPlatforms) = preSolution
		Debug|Any CPU = Debug|Any CPU
		Release|Any CPU = Release|Any CPU
	EndGlobalSection
	GlobalSection(ProjectConfigurationPlatforms) = postSolution
		{1CA6961C-9496-4771-AD5F-32525451B296}.Debug|Any CPU.ActiveCfg = Debug|Any CPU
		{1CA6961C-9496-4771-AD5F-32525451B296}.Debug|Any CPU.Build.0 = Debug|Any CPU
		{1CA6961C-9496-4771-AD5F-32525451B296}.Release|Any CPU.ActiveCfg = Release|Any CPU
		{1CA6961C-9496-4771-AD5F-32525451B296}.Release|Any CPU.Build.0 = Release|Any CPU
	EndGlobalSection
	GlobalSection(SolutionProperties) = preSolution
		HideSolutionNode = FALSE
	EndGlobalSection
	GlobalSection(ExtensibilityGlobals) = postSolution
		SolutionGuid = {ED2109F9-B5D9-414A-8543-C9F9113B5FC3}
	EndGlobalSection
EndGlobal
